Microsoft Visual Studio Solution File, Format Version 12.00
# Visual Studio Version 18
VisualStudioVersion = 18.3.11222.16
MinimumVisualStudioVersion = 10.0.40219.1
Project("{FAE04EC0-301F-11D3-BF4B-00C04F79EFBC}") = "Eliot.UELib", "Eliot.UELib.csproj", "{7E45273F-434F-42FA-8269-0E760AEB41E1}"
EndProject
Project("{9A19103F-16F7-4668-BE54-9A1E7A4F7556}") = "Eliot.UELib.Test", "..\Test\Eliot.UELib.Test.csproj", "{DDEB803B-1570-4211-BA47-BB0203C88E54}"
EndProject
Project("{9A19103F-16F7-4668-BE54-9A1E7A4F7556}") = "Eliot.UELib.Benchmark", "..\Benchmark\Eliot.UELib.Benchmark.csproj", "{828955AA-1EFA-4401-99D6-205FEC2FB3A2}"
	ProjectSection(ProjectDependencies) = postProject
		{DDEB803B-1570-4211-BA47-BB0203C88E54} = {DDEB803B-1570-4211-BA47-BB0203C88E54}
	EndProjectSection
EndProject
Project("{9A19103F-16F7-4668-BE54-9A1E7A4F7556}") = "Eliot.UELib.CLI", "..\CLI\Eliot.UELib.CLI.csproj", "{01B07425-0B35-4DAB-9555-D61261A0F161}"
EndProject
Project("{2150E333-8FDC-42A3-9474-1A3956D46DE8}") = "Samples", "Samples", "{02EA681E-C7D8-13C7-8484-4AC65E1B71E8}"
EndProject
Project("{FAE04EC0-301F-11D3-BF4B-00C04F79EFBC}") = "PackageObjectExpansion", "..\Samples\PackageObjectExpansion\PackageObjectExpansion.csproj", "{56B352BB-2DDE-CE61-421C-BB143498FCAA}"
EndProject
Project("{FAE04EC0-301F-11D3-BF4B-00C04F79EFBC}") = "PackageObjectAddition", "..\Samples\PackageObjectAddition\PackageObjectAddition.csproj", "{028AF2EB-E890-4345-962A-0780A5A01247}"
EndProject
Project("{2150E333-8FDC-42A3-9474-1A3956D46DE8}") = "Decompilers", "Decompilers", "{ED71F387-04C3-4C20-80C7-2ACD07C00D11}"
EndProject
Project("{FAE04EC0-301F-11D3-BF4B-00C04F79EFBC}") = "Eliot.UELib.Decompiler", "..\Eliot.UELib.Decompiler\Eliot.UELib.Decompiler.csproj", "{C46032FD-D3AC-8E12-A8D5-E858E0C6A0EA}"
EndProject
Project("{FAE04EC0-301F-11D3-BF4B-00C04F79EFBC}") = "Eliot.UELib.Decompiler.T3D", "..\Eliot.UELib.Decompiler.T3D\Eliot.UELib.Decompiler.T3D.csproj", "{693D1121-97DC-9660-04E4-4AFD57C10C8A}"
EndProject
Project("{FAE04EC0-301F-11D3-BF4B-00C04F79EFBC}") = "Eliot.UELib.Decompiler.T3D.Test", "..\Eliot.UELib.Decompiler.T3D.Test\Eliot.UELib.Decompiler.T3D.Test.csproj", "{180CB18F-6596-1681-D9D1-E8F1B43771A1}"
EndProject
Project("{FAE04EC0-301F-11D3-BF4B-00C04F79EFBC}") = "Eliot.UELib.Decompiler.Test", "..\Eliot.UELib.Decompiler.Test\Eliot.UELib.Decompiler.Test.csproj", "{8D3E9739-222A-4F47-890C-995FA6697C9C}"
EndProject
Project("{2150E333-8FDC-42A3-9474-1A3956D46DE8}") = "Solution Items", "Solution Items", "{023CEB98-9264-4422-BADA-964F90A782C8}"
	ProjectSection(SolutionItems) = preProject
		..\.editorconfig = ..\.editorconfig
		..\CHANGELOG.md = ..\CHANGELOG.md
		..\Directory.Build.props = ..\Directory.Build.props
		..\Directory.Build.targets = ..\Directory.Build.targets
		..\Directory.Packages.props = ..\Directory.Packages.props
		..\LICENSE = ..\LICENSE
		..\README.md = ..\README.md
		..\version.json = ..\version.json
	EndProjectSection
EndProject
Global
	GlobalSection(SolutionConfigurationPlatforms) = preSolution
		Debug|Any CPU = Debug|Any CPU
		Release|Any CPU = Release|Any CPU
	EndGlobalSection
	GlobalSection(ProjectConfigurationPlatforms) = postSolution
		{7E45273F-434F-42FA-8269-0E760AEB41E1}.Debug|Any CPU.ActiveCfg = Debug|Any CPU
		{7E45273F-434F-42FA-8269-0E760AEB41E1}.Debug|Any CPU.Build.0 = Debug|Any CPU
		{7E45273F-434F-42FA-8269-0E760AEB41E1}.Release|Any CPU.ActiveCfg = Release|Any CPU
		{7E45273F-434F-42FA-8269-0E760AEB41E1}.Release|Any CPU.Build.0 = Release|Any CPU
		{DDEB803B-1570-4211-BA47-BB0203C88E54}.Debug|Any CPU.ActiveCfg = Debug|Any CPU
		{DDEB803B-1570-4211-BA47-BB0203C88E54}.Debug|Any CPU.Build.0 = Debug|Any CPU
		{DDEB803B-1570-4211-BA47-BB0203C88E54}.Release|Any CPU.ActiveCfg = Release|Any CPU
		{DDEB803B-1570-4211-BA47-BB0203C88E54}.Release|Any CPU.Build.0 = Release|Any CPU
		{828955AA-1EFA-4401-99D6-205FEC2FB3A2}.Debug|Any CPU.ActiveCfg = Debug|Any CPU
		{828955AA-1EFA-4401-99D6-205FEC2FB3A2}.Debug|Any CPU.Build.0 = Debug|Any CPU
		{828955AA-1EFA-4401-99D6-205FEC2FB3A2}.Release|Any CPU.ActiveCfg = Release|Any CPU
		{828955AA-1EFA-4401-99D6-205FEC2FB3A2}.Release|Any CPU.Build.0 = Release|Any CPU
		{01B07425-0B35-4DAB-9555-D61261A0F161}.Debug|Any CPU.ActiveCfg = Debug|Any CPU
		{01B07425-0B35-4DAB-9555-D61261A0F161}.Debug|Any CPU.Build.0 = Debug|Any CPU
		{01B07425-0B35-4DAB-9555-D61261A0F161}.Release|Any CPU.ActiveCfg = Release|Any CPU
		{01B07425-0B35-4DAB-9555-D61261A0F161}.Release|Any CPU.Build.0 = Release|Any CPU
		{56B352BB-2DDE-CE61-421C-BB143498FCAA}.Debug|Any CPU.ActiveCfg = Debug|Any CPU
		{56B352BB-2DDE-CE61-421C-BB143498FCAA}.Debug|Any CPU.Build.0 = Debug|Any CPU
		{56B352BB-2DDE-CE61-421C-BB143498FCAA}.Release|Any CPU.ActiveCfg = Release|Any CPU
		{56B352BB-2DDE-CE61-421C-BB143498FCAA}.Release|Any CPU.Build.0 = Release|Any CPU
		{028AF2EB-E890-4345-962A-0780A5A01247}.Debug|Any CPU.ActiveCfg = Debug|Any CPU
		{028AF2EB-E890-4345-962A-0780A5A01247}.Debug|Any CPU.Build.0 = Debug|Any CPU
		{028AF2EB-E890-4345-962A-0780A5A01247}.Release|Any CPU.ActiveCfg = Release|Any CPU
		{028AF2EB-E890-4345-962A-0780A5A01247}.Release|Any CPU.Build.0 = Release|Any CPU
		{C46032FD-D3AC-8E12-A8D5-E858E0C6A0EA}.Debug|Any CPU.ActiveCfg = Debug|Any CPU
		{C46032FD-D3AC-8E12-A8D5-E858E0C6A0EA}.Debug|Any CPU.Build.0 = Debug|Any CPU
		{C46032FD-D3AC-8E12-A8D5-E858E0C6A0EA}.Release|Any CPU.ActiveCfg = Release|Any CPU
		{C46032FD-D3AC-8E12-A8D5-E858E0C6A0EA}.Release|Any CPU.Build.0 = Release|Any CPU
		{693D1121-97DC-9660-04E4-4AFD57C10C8A}.Debug|Any CPU.ActiveCfg = Debug|Any CPU
		{693D1121-97DC-9660-04E4-4AFD57C10C8A}.Debug|Any CPU.Build.0 = Debug|Any CPU
		{693D1121-97DC-9660-04E4-4AFD57C10C8A}.Release|Any CPU.ActiveCfg = Release|Any CPU
		{693D1121-97DC-9660-04E4-4AFD57C10C8A}.Release|Any CPU.Build.0 = Release|Any CPU
		{180CB18F-6596-1681-D9D1-E8F1B43771A1}.Debug|Any CPU.ActiveCfg = Debug|Any CPU
		{180CB18F-6596-1681-D9D1-E8F1B43771A1}.Debug|Any CPU.Build.0 = Debug|Any CPU
		{180CB18F-6596-1681-D9D1-E8F1B43771A1}.Release|Any CPU.ActiveCfg = Release|Any CPU
		{180CB18F-6596-1681-D9D1-E8F1B43771A1}.Release|Any CPU.Build.0 = Release|Any CPU
		{8D3E9739-222A-4F47-890C-995FA6697C9C}.Debug|Any CPU.ActiveCfg = Debug|Any CPU
		{8D3E9739-222A-4F47-890C-995FA6697C9C}.Debug|Any CPU.Build.0 = Debug|Any CPU
		{8D3E9739-222A-4F47-890C-995FA6697C9C}.Release|Any CPU.ActiveCfg = Release|Any CPU
		{8D3E9739-222A-4F47-890C-995FA6697C9C}.Release|Any CPU.Build.0 = Release|Any CPU
	EndGlobalSection
	GlobalSection(SolutionProperties) = preSolution
		HideSolutionNode = FALSE
	EndGlobalSection
	GlobalSection(NestedProjects) = preSolution
		{56B352BB-2DDE-CE61-421C-BB143498FCAA} = {02EA681E-C7D8-13C7-8484-4AC65E1B71E8}
		{028AF2EB-E890-4345-962A-0780A5A01247} = {02EA681E-C7D8-13C7-8484-4AC65E1B71E8}
	EndGlobalSection
	GlobalSection(ExtensibilityGlobals) = postSolution
		SolutionGuid = {64004BC4-798F-4D4E-BD42-3EA400109093}
	EndGlobalSection
EndGlobal
