
Microsoft Visual Studio Solution File, Format Version 12.00
# Visual Studio Version 17
VisualStudioVersion = 17.1.32210.238
MinimumVisualStudioVersion = 10.0.40219.1
Project("{FAE04EC0-301F-11D3-BF4B-00C04F79EFBC}") = "Eliot.UELib", "Eliot.UELib.csproj", "{7E45273F-434F-42FA-8269-0E760AEB41E1}"
EndProject
Project("{9A19103F-16F7-4668-BE54-9A1E7A4F7556}") = "Eliot.UELib.Test", "..\Test\Eliot.UELib.Test.csproj", "{DDEB803B-1570-4211-BA47-BB0203C88E54}"
EndProject
Project("{9A19103F-16F7-4668-BE54-9A1E7A4F7556}") = "Eliot.UELib.Benchmark", "..\Benchmark\Eliot.UELib.Benchmark.csproj", "{828955AA-1EFA-4401-99D6-205FEC2FB3A2}"
	ProjectSection(ProjectDependencies) = postProject
		{DDEB803B-1570-4211-BA47-BB0203C88E54} = {DDEB803B-1570-4211-BA47-BB0203C88E54}
	EndProjectSection
EndProject
Project("{FAE04EC0-301F-11D3-BF4B-00C04F79EFBC}") = "Eliot.UELib.CLI", "..\CLI\Eliot.UELib.CLI.csproj", "{01B07425-0B35-4DAB-9555-D61261A0F161}"
EndProject
Global
	GlobalSection(SolutionConfigurationPlatforms) = preSolution
		Debug|Any CPU = Debug|Any CPU
		DecompileDebug|Any CPU = DecompileDebug|Any CPU
		Publish|Any CPU = Publish|Any CPU
		Release|Any CPU = Release|Any CPU
		UnitTest|Any CPU = UnitTest|Any CPU
	EndGlobalSection
	GlobalSection(ProjectConfigurationPlatforms) = postSolution
		{7E45273F-434F-42FA-8269-0E760AEB41E1}.Debug|Any CPU.ActiveCfg = Debug|Any CPU
		{7E45273F-434F-42FA-8269-0E760AEB41E1}.Debug|Any CPU.Build.0 = Debug|Any CPU
		{7E45273F-434F-42FA-8269-0E760AEB41E1}.DecompileDebug|Any CPU.ActiveCfg = DecompileDebug|Any CPU
		{7E45273F-434F-42FA-8269-0E760AEB41E1}.DecompileDebug|Any CPU.Build.0 = DecompileDebug|Any CPU
		{7E45273F-434F-42FA-8269-0E760AEB41E1}.Publish|Any CPU.ActiveCfg = Publish|Any CPU
		{7E45273F-434F-42FA-8269-0E760AEB41E1}.Publish|Any CPU.Build.0 = Publish|Any CPU
		{7E45273F-434F-42FA-8269-0E760AEB41E1}.Release|Any CPU.ActiveCfg = Release|Any CPU
		{7E45273F-434F-42FA-8269-0E760AEB41E1}.Release|Any CPU.Build.0 = Release|Any CPU
		{7E45273F-434F-42FA-8269-0E760AEB41E1}.UnitTest|Any CPU.ActiveCfg = UnitTest|Any CPU
		{7E45273F-434F-42FA-8269-0E760AEB41E1}.UnitTest|Any CPU.Build.0 = UnitTest|Any CPU
		{DDEB803B-1570-4211-BA47-BB0203C88E54}.Debug|Any CPU.ActiveCfg = Debug|Any CPU
		{DDEB803B-1570-4211-BA47-BB0203C88E54}.Debug|Any CPU.Build.0 = Debug|Any CPU
		{DDEB803B-1570-4211-BA47-BB0203C88E54}.DecompileDebug|Any CPU.ActiveCfg = Debug|Any CPU
		{DDEB803B-1570-4211-BA47-BB0203C88E54}.DecompileDebug|Any CPU.Build.0 = Debug|Any CPU
		{DDEB803B-1570-4211-BA47-BB0203C88E54}.Publish|Any CPU.ActiveCfg = Debug|Any CPU
		{DDEB803B-1570-4211-BA47-BB0203C88E54}.Publish|Any CPU.Build.0 = Debug|Any CPU
		{DDEB803B-1570-4211-BA47-BB0203C88E54}.Release|Any CPU.ActiveCfg = Release|Any CPU
		{DDEB803B-1570-4211-BA47-BB0203C88E54}.Release|Any CPU.Build.0 = Release|Any CPU
		{DDEB803B-1570-4211-BA47-BB0203C88E54}.UnitTest|Any CPU.ActiveCfg = Debug|Any CPU
		{DDEB803B-1570-4211-BA47-BB0203C88E54}.UnitTest|Any CPU.Build.0 = Debug|Any CPU
		{828955AA-1EFA-4401-99D6-205FEC2FB3A2}.Debug|Any CPU.ActiveCfg = Debug|Any CPU
		{828955AA-1EFA-4401-99D6-205FEC2FB3A2}.Debug|Any CPU.Build.0 = Debug|Any CPU
		{828955AA-1EFA-4401-99D6-205FEC2FB3A2}.DecompileDebug|Any CPU.ActiveCfg = Debug|Any CPU
		{828955AA-1EFA-4401-99D6-205FEC2FB3A2}.DecompileDebug|Any CPU.Build.0 = Debug|Any CPU
		{828955AA-1EFA-4401-99D6-205FEC2FB3A2}.Publish|Any CPU.ActiveCfg = Debug|Any CPU
		{828955AA-1EFA-4401-99D6-205FEC2FB3A2}.Publish|Any CPU.Build.0 = Debug|Any CPU
		{828955AA-1EFA-4401-99D6-205FEC2FB3A2}.Release|Any CPU.ActiveCfg = Release|Any CPU
		{828955AA-1EFA-4401-99D6-205FEC2FB3A2}.Release|Any CPU.Build.0 = Release|Any CPU
		{828955AA-1EFA-4401-99D6-205FEC2FB3A2}.UnitTest|Any CPU.ActiveCfg = Release|Any CPU
		{828955AA-1EFA-4401-99D6-205FEC2FB3A2}.UnitTest|Any CPU.Build.0 = Release|Any CPU
		{01B07425-0B35-4DAB-9555-D61261A0F161}.Debug|Any CPU.ActiveCfg = Debug|Any CPU
		{01B07425-0B35-4DAB-9555-D61261A0F161}.Debug|Any CPU.Build.0 = Debug|Any CPU
		{01B07425-0B35-4DAB-9555-D61261A0F161}.DecompileDebug|Any CPU.ActiveCfg = Debug|Any CPU
		{01B07425-0B35-4DAB-9555-D61261A0F161}.DecompileDebug|Any CPU.Build.0 = Debug|Any CPU
		{01B07425-0B35-4DAB-9555-D61261A0F161}.Publish|Any CPU.ActiveCfg = Debug|Any CPU
		{01B07425-0B35-4DAB-9555-D61261A0F161}.Publish|Any CPU.Build.0 = Debug|Any CPU
		{01B07425-0B35-4DAB-9555-D61261A0F161}.Release|Any CPU.ActiveCfg = Release|Any CPU
		{01B07425-0B35-4DAB-9555-D61261A0F161}.Release|Any CPU.Build.0 = Release|Any CPU
		{01B07425-0B35-4DAB-9555-D61261A0F161}.UnitTest|Any CPU.ActiveCfg = UnitTest|Any CPU
		{01B07425-0B35-4DAB-9555-D61261A0F161}.UnitTest|Any CPU.Build.0 = UnitTest|Any CPU
	EndGlobalSection
	GlobalSection(SolutionProperties) = preSolution
		HideSolutionNode = FALSE
	EndGlobalSection
	GlobalSection(ExtensibilityGlobals) = postSolution
		SolutionGuid = {64004BC4-798F-4D4E-BD42-3EA400109093}
	EndGlobalSection
EndGlobal
